// !$*UTF8*$!
{
	archiveVersion = 1;
	classes = {
	};
	objectVersion = 56;
	objects = {

/* Begin PBXBuildFile section */
		C7B9C7412A0E951400C7ECD1 /* AppDelegate.swift in Sources */ = {isa = PBXBuildFile; fileRef = C7B9C7402A0E951400C7ECD1 /* AppDelegate.swift */; };
		C7B9C7432A0E951400C7ECD1 /* SceneDelegate.swift in Sources */ = {isa = PBXBuildFile; fileRef = C7B9C7422A0E951400C7ECD1 /* SceneDelegate.swift */; };
		C7B9C7482A0E951400C7ECD1 /* Main.storyboard in Resources */ = {isa = PBXBuildFile; fileRef = C7B9C7462A0E951400C7ECD1 /* Main.storyboard */; };
		C7B9C74B2A0E951400C7ECD1 /* Appcent_Deezer.xcdatamodeld in Sources */ = {isa = PBXBuildFile; fileRef = C7B9C7492A0E951400C7ECD1 /* Appcent_Deezer.xcdatamodeld */; };
		C7B9C74D2A0E951500C7ECD1 /* Assets.xcassets in Resources */ = {isa = PBXBuildFile; fileRef = C7B9C74C2A0E951500C7ECD1 /* Assets.xcassets */; };
		C7B9C7502A0E951500C7ECD1 /* LaunchScreen.storyboard in Resources */ = {isa = PBXBuildFile; fileRef = C7B9C74E2A0E951500C7ECD1 /* LaunchScreen.storyboard */; };
		C7B9C75B2A0E965000C7ECD1 /* FirstViewController.swift in Sources */ = {isa = PBXBuildFile; fileRef = C7B9C75A2A0E965000C7ECD1 /* FirstViewController.swift */; };
		C7B9C75D2A0E966900C7ECD1 /* SecondViewController.swift in Sources */ = {isa = PBXBuildFile; fileRef = C7B9C75C2A0E966900C7ECD1 /* SecondViewController.swift */; };
		C7B9C75F2A0E9A1100C7ECD1 /* Genre.swift in Sources */ = {isa = PBXBuildFile; fileRef = C7B9C75E2A0E9A1100C7ECD1 /* Genre.swift */; };
		C7B9C7612A0E9A3300C7ECD1 /* Artists.swift in Sources */ = {isa = PBXBuildFile; fileRef = C7B9C7602A0E9A3300C7ECD1 /* Artists.swift */; };
		C7B9C7632A0E9A5400C7ECD1 /* GenreCell.swift in Sources */ = {isa = PBXBuildFile; fileRef = C7B9C7622A0E9A5400C7ECD1 /* GenreCell.swift */; };
		C7B9C7652A0E9A6300C7ECD1 /* ArtistCell.swift in Sources */ = {isa = PBXBuildFile; fileRef = C7B9C7642A0E9A6300C7ECD1 /* ArtistCell.swift */; };
		C7B9C7672A0E9ABB00C7ECD1 /* ArtistViewController.swift in Sources */ = {isa = PBXBuildFile; fileRef = C7B9C7662A0E9ABB00C7ECD1 /* ArtistViewController.swift */; };
		C7B9C7692A0EE0CD00C7ECD1 /* ArtistDetailsViewController.swift in Sources */ = {isa = PBXBuildFile; fileRef = C7B9C7682A0EE0CD00C7ECD1 /* ArtistDetailsViewController.swift */; };
		C7B9C76B2A0EE63D00C7ECD1 /* Album.swift in Sources */ = {isa = PBXBuildFile; fileRef = C7B9C76A2A0EE63D00C7ECD1 /* Album.swift */; };
		C7B9C76D2A0EE65700C7ECD1 /* AlbumCell.swift in Sources */ = {isa = PBXBuildFile; fileRef = C7B9C76C2A0EE65700C7ECD1 /* AlbumCell.swift */; };
		C7B9C76F2A0EEA8F00C7ECD1 /* AlbumDetailViewController.swift in Sources */ = {isa = PBXBuildFile; fileRef = C7B9C76E2A0EEA8F00C7ECD1 /* AlbumDetailViewController.swift */; };
		C7B9C7712A0EEBE500C7ECD1 /* Track.swift in Sources */ = {isa = PBXBuildFile; fileRef = C7B9C7702A0EEBE500C7ECD1 /* Track.swift */; };
		C7B9C7732A0EEBF900C7ECD1 /* TrackCell.swift in Sources */ = {isa = PBXBuildFile; fileRef = C7B9C7722A0EEBF900C7ECD1 /* TrackCell.swift */; };
		C7B9C7752A0FE61300C7ECD1 /* LikedSong.swift in Sources */ = {isa = PBXBuildFile; fileRef = C7B9C7742A0FE61300C7ECD1 /* LikedSong.swift */; };
		C7B9C7782A0FEE2200C7ECD1 /* LikedSongs+CoreDataClass.swift in Sources */ = {isa = PBXBuildFile; fileRef = C7B9C7762A0FEE2200C7ECD1 /* LikedSongs+CoreDataClass.swift */; };
		C7B9C7792A0FEE2200C7ECD1 /* LikedSongs+CoreDataProperties.swift in Sources */ = {isa = PBXBuildFile; fileRef = C7B9C7772A0FEE2200C7ECD1 /* LikedSongs+CoreDataProperties.swift */; };
		C7B9C77C2A0FF14D00C7ECD1 /* CoreDataModel.swift in Sources */ = {isa = PBXBuildFile; fileRef = C7B9C77B2A0FF14D00C7ECD1 /* CoreDataModel.swift */; };
/* End PBXBuildFile section */

/* Begin PBXFileReference section */
		C7B9C73D2A0E951400C7ECD1 /* Appcent-Deezer.app */ = {isa = PBXFileReference; explicitFileType = wrapper.application; includeInIndex = 0; path = "Appcent-Deezer.app"; sourceTree = BUILT_PRODUCTS_DIR; };
		C7B9C7402A0E951400C7ECD1 /* AppDelegate.swift */ = {isa = PBXFileReference; lastKnownFileType = sourcecode.swift; path = AppDelegate.swift; sourceTree = "<group>"; };
		C7B9C7422A0E951400C7ECD1 /* SceneDelegate.swift */ = {isa = PBXFileReference; lastKnownFileType = sourcecode.swift; path = SceneDelegate.swift; sourceTree = "<group>"; };
		C7B9C7472A0E951400C7ECD1 /* Base */ = {isa = PBXFileReference; lastKnownFileType = file.storyboard; name = Base; path = Base.lproj/Main.storyboard; sourceTree = "<group>"; };
		C7B9C74A2A0E951400C7ECD1 /* Appcent_Deezer.xcdatamodel */ = {isa = PBXFileReference; lastKnownFileType = wrapper.xcdatamodel; path = Appcent_Deezer.xcdatamodel; sourceTree = "<group>"; };
		C7B9C74C2A0E951500C7ECD1 /* Assets.xcassets */ = {isa = PBXFileReference; lastKnownFileType = folder.assetcatalog; path = Assets.xcassets; sourceTree = "<group>"; };
		C7B9C74F2A0E951500C7ECD1 /* Base */ = {isa = PBXFileReference; lastKnownFileType = file.storyboard; name = Base; path = Base.lproj/LaunchScreen.storyboard; sourceTree = "<group>"; };
		C7B9C7512A0E951500C7ECD1 /* Info.plist */ = {isa = PBXFileReference; lastKnownFileType = text.plist.xml; path = Info.plist; sourceTree = "<group>"; };
		C7B9C75A2A0E965000C7ECD1 /* FirstViewController.swift */ = {isa = PBXFileReference; lastKnownFileType = sourcecode.swift; path = FirstViewController.swift; sourceTree = "<group>"; };
		C7B9C75C2A0E966900C7ECD1 /* SecondViewController.swift */ = {isa = PBXFileReference; lastKnownFileType = sourcecode.swift; path = SecondViewController.swift; sourceTree = "<group>"; };
		C7B9C75E2A0E9A1100C7ECD1 /* Genre.swift */ = {isa = PBXFileReference; lastKnownFileType = sourcecode.swift; path = Genre.swift; sourceTree = "<group>"; };
		C7B9C7602A0E9A3300C7ECD1 /* Artists.swift */ = {isa = PBXFileReference; lastKnownFileType = sourcecode.swift; path = Artists.swift; sourceTree = "<group>"; };
		C7B9C7622A0E9A5400C7ECD1 /* GenreCell.swift */ = {isa = PBXFileReference; lastKnownFileType = sourcecode.swift; path = GenreCell.swift; sourceTree = "<group>"; };
		C7B9C7642A0E9A6300C7ECD1 /* ArtistCell.swift */ = {isa = PBXFileReference; lastKnownFileType = sourcecode.swift; path = ArtistCell.swift; sourceTree = "<group>"; };
		C7B9C7662A0E9ABB00C7ECD1 /* ArtistViewController.swift */ = {isa = PBXFileReference; lastKnownFileType = sourcecode.swift; path = ArtistViewController.swift; sourceTree = "<group>"; };
		C7B9C7682A0EE0CD00C7ECD1 /* ArtistDetailsViewController.swift */ = {isa = PBXFileReference; lastKnownFileType = sourcecode.swift; path = ArtistDetailsViewController.swift; sourceTree = "<group>"; };
		C7B9C76A2A0EE63D00C7ECD1 /* Album.swift */ = {isa = PBXFileReference; lastKnownFileType = sourcecode.swift; path = Album.swift; sourceTree = "<group>"; };
		C7B9C76C2A0EE65700C7ECD1 /* AlbumCell.swift */ = {isa = PBXFileReference; lastKnownFileType = sourcecode.swift; path = AlbumCell.swift; sourceTree = "<group>"; };
		C7B9C76E2A0EEA8F00C7ECD1 /* AlbumDetailViewController.swift */ = {isa = PBXFileReference; lastKnownFileType = sourcecode.swift; path = AlbumDetailViewController.swift; sourceTree = "<group>"; };
		C7B9C7702A0EEBE500C7ECD1 /* Track.swift */ = {isa = PBXFileReference; lastKnownFileType = sourcecode.swift; path = Track.swift; sourceTree = "<group>"; };
		C7B9C7722A0EEBF900C7ECD1 /* TrackCell.swift */ = {isa = PBXFileReference; lastKnownFileType = sourcecode.swift; path = TrackCell.swift; sourceTree = "<group>"; };
		C7B9C7742A0FE61300C7ECD1 /* LikedSong.swift */ = {isa = PBXFileReference; lastKnownFileType = sourcecode.swift; path = LikedSong.swift; sourceTree = "<group>"; };
		C7B9C7762A0FEE2200C7ECD1 /* LikedSongs+CoreDataClass.swift */ = {isa = PBXFileReference; lastKnownFileType = sourcecode.swift; path = "LikedSongs+CoreDataClass.swift"; sourceTree = "<group>"; };
		C7B9C7772A0FEE2200C7ECD1 /* LikedSongs+CoreDataProperties.swift */ = {isa = PBXFileReference; lastKnownFileType = sourcecode.swift; path = "LikedSongs+CoreDataProperties.swift"; sourceTree = "<group>"; };
		C7B9C77B2A0FF14D00C7ECD1 /* CoreDataModel.swift */ = {isa = PBXFileReference; lastKnownFileType = sourcecode.swift; path = CoreDataModel.swift; sourceTree = "<group>"; };
/* End PBXFileReference section */

/* Begin PBXFrameworksBuildPhase section */
		C7B9C73A2A0E951400C7ECD1 /* Frameworks */ = {
			isa = PBXFrameworksBuildPhase;
			buildActionMask = 2147483647;
			files = (
			);
			runOnlyForDeploymentPostprocessing = 0;
		};
/* End PBXFrameworksBuildPhase section */

/* Begin PBXGroup section */
		C7B9C7342A0E951400C7ECD1 = {
			isa = PBXGroup;
			children = (
				C7B9C73F2A0E951400C7ECD1 /* Appcent-Deezer */,
				C7B9C73E2A0E951400C7ECD1 /* Products */,
			);
			sourceTree = "<group>";
		};
		C7B9C73E2A0E951400C7ECD1 /* Products */ = {
			isa = PBXGroup;
			children = (
				C7B9C73D2A0E951400C7ECD1 /* Appcent-Deezer.app */,
			);
			name = Products;
			sourceTree = "<group>";
		};
		C7B9C73F2A0E951400C7ECD1 /* Appcent-Deezer */ = {
			isa = PBXGroup;
			children = (
				C7B9C77A2A0FEE2A00C7ECD1 /* CoreData */,
				C7B9C7592A0E960000C7ECD1 /* Controllers */,
				C7B9C7582A0E95F900C7ECD1 /* Views */,
				C7B9C7572A0E95F600C7ECD1 /* Models */,
				C7B9C7402A0E951400C7ECD1 /* AppDelegate.swift */,
				C7B9C7422A0E951400C7ECD1 /* SceneDelegate.swift */,
				C7B9C7462A0E951400C7ECD1 /* Main.storyboard */,
				C7B9C74C2A0E951500C7ECD1 /* Assets.xcassets */,
				C7B9C74E2A0E951500C7ECD1 /* LaunchScreen.storyboard */,
				C7B9C7512A0E951500C7ECD1 /* Info.plist */,
				C7B9C7492A0E951400C7ECD1 /* Appcent_Deezer.xcdatamodeld */,
			);
			path = "Appcent-Deezer";
			sourceTree = "<group>";
		};
		C7B9C7572A0E95F600C7ECD1 /* Models */ = {
			isa = PBXGroup;
			children = (
				C7B9C75E2A0E9A1100C7ECD1 /* Genre.swift */,
				C7B9C7602A0E9A3300C7ECD1 /* Artists.swift */,
				C7B9C76A2A0EE63D00C7ECD1 /* Album.swift */,
				C7B9C7702A0EEBE500C7ECD1 /* Track.swift */,
				C7B9C7742A0FE61300C7ECD1 /* LikedSong.swift */,
			);
			path = Models;
			sourceTree = "<group>";
		};
		C7B9C7582A0E95F900C7ECD1 /* Views */ = {
			isa = PBXGroup;
			children = (
				C7B9C7622A0E9A5400C7ECD1 /* GenreCell.swift */,
				C7B9C7642A0E9A6300C7ECD1 /* ArtistCell.swift */,
				C7B9C76C2A0EE65700C7ECD1 /* AlbumCell.swift */,
				C7B9C7722A0EEBF900C7ECD1 /* TrackCell.swift */,
			);
			path = Views;
			sourceTree = "<group>";
		};
		C7B9C7592A0E960000C7ECD1 /* Controllers */ = {
			isa = PBXGroup;
			children = (
				C7B9C75A2A0E965000C7ECD1 /* FirstViewController.swift */,
				C7B9C75C2A0E966900C7ECD1 /* SecondViewController.swift */,
				C7B9C7662A0E9ABB00C7ECD1 /* ArtistViewController.swift */,
				C7B9C7682A0EE0CD00C7ECD1 /* ArtistDetailsViewController.swift */,
				C7B9C76E2A0EEA8F00C7ECD1 /* AlbumDetailViewController.swift */,
			);
			path = Controllers;
			sourceTree = "<group>";
		};
		C7B9C77A2A0FEE2A00C7ECD1 /* CoreData */ = {
			isa = PBXGroup;
			children = (
				C7B9C7762A0FEE2200C7ECD1 /* LikedSongs+CoreDataClass.swift */,
				C7B9C7772A0FEE2200C7ECD1 /* LikedSongs+CoreDataProperties.swift */,
				C7B9C77B2A0FF14D00C7ECD1 /* CoreDataModel.swift */,
			);
			path = CoreData;
			sourceTree = "<group>";
		};
/* End PBXGroup section */

/* Begin PBXNativeTarget section */
		C7B9C73C2A0E951400C7ECD1 /* Appcent-Deezer */ = {
			isa = PBXNativeTarget;
			buildConfigurationList = C7B9C7542A0E951500C7ECD1 /* Build configuration list for PBXNativeTarget "Appcent-Deezer" */;
			buildPhases = (
				C7B9C7392A0E951400C7ECD1 /* Sources */,
				C7B9C73A2A0E951400C7ECD1 /* Frameworks */,
				C7B9C73B2A0E951400C7ECD1 /* Resources */,
			);
			buildRules = (
			);
			dependencies = (
			);
			name = "Appcent-Deezer";
			productName = "Appcent-Deezer";
			productReference = C7B9C73D2A0E951400C7ECD1 /* Appcent-Deezer.app */;
			productType = "com.apple.product-type.application";
		};
/* End PBXNativeTarget section */

/* Begin PBXProject section */
		C7B9C7352A0E951400C7ECD1 /* Project object */ = {
			isa = PBXProject;
			attributes = {
				BuildIndependentTargetsInParallel = 1;
				LastSwiftUpdateCheck = 1430;
				LastUpgradeCheck = 1430;
				TargetAttributes = {
					C7B9C73C2A0E951400C7ECD1 = {
						CreatedOnToolsVersion = 14.3;
					};
				};
			};
			buildConfigurationList = C7B9C7382A0E951400C7ECD1 /* Build configuration list for PBXProject "Appcent-Deezer" */;
			compatibilityVersion = "Xcode 14.0";
			developmentRegion = en;
			hasScannedForEncodings = 0;
			knownRegions = (
				en,
				Base,
			);
			mainGroup = C7B9C7342A0E951400C7ECD1;
			productRefGroup = C7B9C73E2A0E951400C7ECD1 /* Products */;
			projectDirPath = "";
			projectRoot = "";
			targets = (
				C7B9C73C2A0E951400C7ECD1 /* Appcent-Deezer */,
			);
		};
/* End PBXProject section */

/* Begin PBXResourcesBuildPhase section */
		C7B9C73B2A0E951400C7ECD1 /* Resources */ = {
			isa = PBXResourcesBuildPhase;
			buildActionMask = 2147483647;
			files = (
				C7B9C7502A0E951500C7ECD1 /* LaunchScreen.storyboard in Resources */,
				C7B9C74D2A0E951500C7ECD1 /* Assets.xcassets in Resources */,
				C7B9C7482A0E951400C7ECD1 /* Main.storyboard in Resources */,
			);
			runOnlyForDeploymentPostprocessing = 0;
		};
/* End PBXResourcesBuildPhase section */

/* Begin PBXSourcesBuildPhase section */
		C7B9C7392A0E951400C7ECD1 /* Sources */ = {
			isa = PBXSourcesBuildPhase;
			buildActionMask = 2147483647;
			files = (
				C7B9C7692A0EE0CD00C7ECD1 /* ArtistDetailsViewController.swift in Sources */,
				C7B9C76D2A0EE65700C7ECD1 /* AlbumCell.swift in Sources */,
				C7B9C75D2A0E966900C7ECD1 /* SecondViewController.swift in Sources */,
				C7B9C75B2A0E965000C7ECD1 /* FirstViewController.swift in Sources */,
				C7B9C7782A0FEE2200C7ECD1 /* LikedSongs+CoreDataClass.swift in Sources */,
				C7B9C7652A0E9A6300C7ECD1 /* ArtistCell.swift in Sources */,
				C7B9C7612A0E9A3300C7ECD1 /* Artists.swift in Sources */,
				C7B9C7632A0E9A5400C7ECD1 /* GenreCell.swift in Sources */,
				C7B9C7792A0FEE2200C7ECD1 /* LikedSongs+CoreDataProperties.swift in Sources */,
				C7B9C74B2A0E951400C7ECD1 /* Appcent_Deezer.xcdatamodeld in Sources */,
				C7B9C75F2A0E9A1100C7ECD1 /* Genre.swift in Sources */,
				C7B9C7412A0E951400C7ECD1 /* AppDelegate.swift in Sources */,
				C7B9C7432A0E951400C7ECD1 /* SceneDelegate.swift in Sources */,
				C7B9C7712A0EEBE500C7ECD1 /* Track.swift in Sources */,
				C7B9C76F2A0EEA8F00C7ECD1 /* AlbumDetailViewController.swift in Sources */,
				C7B9C7672A0E9ABB00C7ECD1 /* ArtistViewController.swift in Sources */,
				C7B9C7752A0FE61300C7ECD1 /* LikedSong.swift in Sources */,
				C7B9C76B2A0EE63D00C7ECD1 /* Album.swift in Sources */,
				C7B9C77C2A0FF14D00C7ECD1 /* CoreDataModel.swift in Sources */,
				C7B9C7732A0EEBF900C7ECD1 /* TrackCell.swift in Sources */,
			);
			runOnlyForDeploymentPostprocessing = 0;
		};
/* End PBXSourcesBuildPhase section */

/* Begin PBXVariantGroup section */
		C7B9C7462A0E951400C7ECD1 /* Main.storyboard */ = {
			isa = PBXVariantGroup;
			children = (
				C7B9C7472A0E951400C7ECD1 /* Base */,
			);
			name = Main.storyboard;
			sourceTree = "<group>";
		};
		C7B9C74E2A0E951500C7ECD1 /* LaunchScreen.storyboard */ = {
			isa = PBXVariantGroup;
			children = (
				C7B9C74F2A0E951500C7ECD1 /* Base */,
			);
			name = LaunchScreen.storyboard;
			sourceTree = "<group>";
		};
/* End PBXVariantGroup section */

/* Begin XCBuildConfiguration section */
		C7B9C7522A0E951500C7ECD1 /* Debug */ = {
			isa = XCBuildConfiguration;
			buildSettings = {
				ALWAYS_SEARCH_USER_PATHS = NO;
				CLANG_ANALYZER_NONNULL = YES;
				CLANG_ANALYZER_NUMBER_OBJECT_CONVERSION = YES_AGGRESSIVE;
				CLANG_CXX_LANGUAGE_STANDARD = "gnu++20";
				CLANG_ENABLE_MODULES = YES;
				CLANG_ENABLE_OBJC_ARC = YES;
				CLANG_ENABLE_OBJC_WEAK = YES;
				CLANG_WARN_BLOCK_CAPTURE_AUTORELEASING = YES;
				CLANG_WARN_BOOL_CONVERSION = YES;
				CLANG_WARN_COMMA = YES;
				CLANG_WARN_CONSTANT_CONVERSION = YES;
				CLANG_WARN_DEPRECATED_OBJC_IMPLEMENTATIONS = YES;
				CLANG_WARN_DIRECT_OBJC_ISA_USAGE = YES_ERROR;
				CLANG_WARN_DOCUMENTATION_COMMENTS = YES;
				CLANG_WARN_EMPTY_BODY = YES;
				CLANG_WARN_ENUM_CONVERSION = YES;
				CLANG_WARN_INFINITE_RECURSION = YES;
				CLANG_WARN_INT_CONVERSION = YES;
				CLANG_WARN_NON_LITERAL_NULL_CONVERSION = YES;
				CLANG_WARN_OBJC_IMPLICIT_RETAIN_SELF = YES;
				CLANG_WARN_OBJC_LITERAL_CONVERSION = YES;
				CLANG_WARN_OBJC_ROOT_CLASS = YES_ERROR;
				CLANG_WARN_QUOTED_INCLUDE_IN_FRAMEWORK_HEADER = YES;
				CLANG_WARN_RANGE_LOOP_ANALYSIS = YES;
				CLANG_WARN_STRICT_PROTOTYPES = YES;
				CLANG_WARN_SUSPICIOUS_MOVE = YES;
				CLANG_WARN_UNGUARDED_AVAILABILITY = YES_AGGRESSIVE;
				CLANG_WARN_UNREACHABLE_CODE = YES;
				CLANG_WARN__DUPLICATE_METHOD_MATCH = YES;
				COPY_PHASE_STRIP = NO;
				DEBUG_INFORMATION_FORMAT = dwarf;
				ENABLE_STRICT_OBJC_MSGSEND = YES;
				ENABLE_TESTABILITY = YES;
				GCC_C_LANGUAGE_STANDARD = gnu11;
				GCC_DYNAMIC_NO_PIC = NO;
				GCC_NO_COMMON_BLOCKS = YES;
				GCC_OPTIMIZATION_LEVEL = 0;
				GCC_PREPROCESSOR_DEFINITIONS = (
					"DEBUG=1",
					"$(inherited)",
				);
				GCC_WARN_64_TO_32_BIT_CONVERSION = YES;
				GCC_WARN_ABOUT_RETURN_TYPE = YES_ERROR;
				GCC_WARN_UNDECLARED_SELECTOR = YES;
				GCC_WARN_UNINITIALIZED_AUTOS = YES_AGGRESSIVE;
				GCC_WARN_UNUSED_FUNCTION = YES;
				GCC_WARN_UNUSED_VARIABLE = YES;
				IPHONEOS_DEPLOYMENT_TARGET = 16.4;
				MTL_ENABLE_DEBUG_INFO = INCLUDE_SOURCE;
				MTL_FAST_MATH = YES;
				ONLY_ACTIVE_ARCH = YES;
				SDKROOT = iphoneos;
				SWIFT_ACTIVE_COMPILATION_CONDITIONS = DEBUG;
				SWIFT_OPTIMIZATION_LEVEL = "-Onone";
			};
			name = Debug;
		};
		C7B9C7532A0E951500C7ECD1 /* Release */ = {
			isa = XCBuildConfiguration;
			buildSettings = {
				ALWAYS_SEARCH_USER_PATHS = NO;
				CLANG_ANALYZER_NONNULL = YES;
				CLANG_ANALYZER_NUMBER_OBJECT_CONVERSION = YES_AGGRESSIVE;
				CLANG_CXX_LANGUAGE_STANDARD = "gnu++20";
				CLANG_ENABLE_MODULES = YES;
				CLANG_ENABLE_OBJC_ARC = YES;
				CLANG_ENABLE_OBJC_WEAK = YES;
				CLANG_WARN_BLOCK_CAPTURE_AUTORELEASING = YES;
				CLANG_WARN_BOOL_CONVERSION = YES;
				CLANG_WARN_COMMA = YES;
				CLANG_WARN_CONSTANT_CONVERSION = YES;
				CLANG_WARN_DEPRECATED_OBJC_IMPLEMENTATIONS = YES;
				CLANG_WARN_DIRECT_OBJC_ISA_USAGE = YES_ERROR;
				CLANG_WARN_DOCUMENTATION_COMMENTS = YES;
				CLANG_WARN_EMPTY_BODY = YES;
				CLANG_WARN_ENUM_CONVERSION = YES;
				CLANG_WARN_INFINITE_RECURSION = YES;
				CLANG_WARN_INT_CONVERSION = YES;
				CLANG_WARN_NON_LITERAL_NULL_CONVERSION = YES;
				CLANG_WARN_OBJC_IMPLICIT_RETAIN_SELF = YES;
				CLANG_WARN_OBJC_LITERAL_CONVERSION = YES;
				CLANG_WARN_OBJC_ROOT_CLASS = YES_ERROR;
				CLANG_WARN_QUOTED_INCLUDE_IN_FRAMEWORK_HEADER = YES;
				CLANG_WARN_RANGE_LOOP_ANALYSIS = YES;
				CLANG_WARN_STRICT_PROTOTYPES = YES;
				CLANG_WARN_SUSPICIOUS_MOVE = YES;
				CLANG_WARN_UNGUARDED_AVAILABILITY = YES_AGGRESSIVE;
				CLANG_WARN_UNREACHABLE_CODE = YES;
				CLANG_WARN__DUPLICATE_METHOD_MATCH = YES;
				COPY_PHASE_STRIP = NO;
				DEBUG_INFORMATION_FORMAT = "dwarf-with-dsym";
				ENABLE_NS_ASSERTIONS = NO;
				ENABLE_STRICT_OBJC_MSGSEND = YES;
				GCC_C_LANGUAGE_STANDARD = gnu11;
				GCC_NO_COMMON_BLOCKS = YES;
				GCC_WARN_64_TO_32_BIT_CONVERSION = YES;
				GCC_WARN_ABOUT_RETURN_TYPE = YES_ERROR;
				GCC_WARN_UNDECLARED_SELECTOR = YES;
				GCC_WARN_UNINITIALIZED_AUTOS = YES_AGGRESSIVE;
				GCC_WARN_UNUSED_FUNCTION = YES;
				GCC_WARN_UNUSED_VARIABLE = YES;
				IPHONEOS_DEPLOYMENT_TARGET = 16.4;
				MTL_ENABLE_DEBUG_INFO = NO;
				MTL_FAST_MATH = YES;
				SDKROOT = iphoneos;
				SWIFT_COMPILATION_MODE = wholemodule;
				SWIFT_OPTIMIZATION_LEVEL = "-O";
				VALIDATE_PRODUCT = YES;
			};
			name = Release;
		};
		C7B9C7552A0E951500C7ECD1 /* Debug */ = {
			isa = XCBuildConfiguration;
			buildSettings = {
				ASSETCATALOG_COMPILER_APPICON_NAME = AppIcon;
				ASSETCATALOG_COMPILER_GLOBAL_ACCENT_COLOR_NAME = AccentColor;
				CODE_SIGN_STYLE = Automatic;
				CURRENT_PROJECT_VERSION = 1;
				DEVELOPMENT_TEAM = 349N583NYU;
				GENERATE_INFOPLIST_FILE = YES;
				INFOPLIST_FILE = "Appcent-Deezer/Info.plist";
				INFOPLIST_KEY_UIApplicationSupportsIndirectInputEvents = YES;
				INFOPLIST_KEY_UILaunchStoryboardName = LaunchScreen;
				INFOPLIST_KEY_UISupportedInterfaceOrientations_iPad = "UIInterfaceOrientationPortrait UIInterfaceOrientationPortraitUpsideDown UIInterfaceOrientationLandscapeLeft UIInterfaceOrientationLandscapeRight";
				INFOPLIST_KEY_UISupportedInterfaceOrientations_iPhone = "UIInterfaceOrientationPortrait UIInterfaceOrientationLandscapeLeft UIInterfaceOrientationLandscapeRight";
				LD_RUNPATH_SEARCH_PATHS = (
					"$(inherited)",
					"@executable_path/Frameworks",
				);
				MARKETING_VERSION = 1.0;
				PRODUCT_BUNDLE_IDENTIFIER = "agbabaumut.Appcent-Deezer";
				PRODUCT_NAME = "$(TARGET_NAME)";
				SWIFT_EMIT_LOC_STRINGS = YES;
				SWIFT_VERSION = 5.0;
				TARGETED_DEVICE_FAMILY = "1,2";
			};
			name = Debug;
		};
		C7B9C7562A0E951500C7ECD1 /* Release */ = {
			isa = XCBuildConfiguration;
			buildSettings = {
				ASSETCATALOG_COMPILER_APPICON_NAME = AppIcon;
				ASSETCATALOG_COMPILER_GLOBAL_ACCENT_COLOR_NAME = AccentColor;
				CODE_SIGN_STYLE = Automatic;
				CURRENT_PROJECT_VERSION = 1;
				DEVELOPMENT_TEAM = 349N583NYU;
				GENERATE_INFOPLIST_FILE = YES;
				INFOPLIST_FILE = "Appcent-Deezer/Info.plist";
				INFOPLIST_KEY_UIApplicationSupportsIndirectInputEvents = YES;
				INFOPLIST_KEY_UILaunchStoryboardName = LaunchScreen;
				INFOPLIST_KEY_UISupportedInterfaceOrientations_iPad = "UIInterfaceOrientationPortrait UIInterfaceOrientationPortraitUpsideDown UIInterfaceOrientationLandscapeLeft UIInterfaceOrientationLandscapeRight";
				INFOPLIST_KEY_UISupportedInterfaceOrientations_iPhone = "UIInterfaceOrientationPortrait UIInterfaceOrientationLandscapeLeft UIInterfaceOrientationLandscapeRight";
				LD_RUNPATH_SEARCH_PATHS = (
					"$(inherited)",
					"@executable_path/Frameworks",
				);
				MARKETING_VERSION = 1.0;
				PRODUCT_BUNDLE_IDENTIFIER = "agbabaumut.Appcent-Deezer";
				PRODUCT_NAME = "$(TARGET_NAME)";
				SWIFT_EMIT_LOC_STRINGS = YES;
				SWIFT_VERSION = 5.0;
				TARGETED_DEVICE_FAMILY = "1,2";
			};
			name = Release;
		};
/* End XCBuildConfiguration section */

/* Begin XCConfigurationList section */
		C7B9C7382A0E951400C7ECD1 /* Build configuration list for PBXProject "Appcent-Deezer" */ = {
			isa = XCConfigurationList;
			buildConfigurations = (
				C7B9C7522A0E951500C7ECD1 /* Debug */,
				C7B9C7532A0E951500C7ECD1 /* Release */,
			);
			defaultConfigurationIsVisible = 0;
			defaultConfigurationName = Release;
		};
		C7B9C7542A0E951500C7ECD1 /* Build configuration list for PBXNativeTarget "Appcent-Deezer" */ = {
			isa = XCConfigurationList;
			buildConfigurations = (
				C7B9C7552A0E951500C7ECD1 /* Debug */,
				C7B9C7562A0E951500C7ECD1 /* Release */,
			);
			defaultConfigurationIsVisible = 0;
			defaultConfigurationName = Release;
		};
/* End XCConfigurationList section */

/* Begin XCVersionGroup section */
		C7B9C7492A0E951400C7ECD1 /* Appcent_Deezer.xcdatamodeld */ = {
			isa = XCVersionGroup;
			children = (
				C7B9C74A2A0E951400C7ECD1 /* Appcent_Deezer.xcdatamodel */,
			);
			currentVersion = C7B9C74A2A0E951400C7ECD1 /* Appcent_Deezer.xcdatamodel */;
			path = Appcent_Deezer.xcdatamodeld;
			sourceTree = "<group>";
			versionGroupType = wrapper.xcdatamodel;
		};
/* End XCVersionGroup section */
	};
	rootObject = C7B9C7352A0E951400C7ECD1 /* Project object */;
}
